
Microsoft Visual Studio Solution File, Format Version 12.00
# Visual Studio Version 16
VisualStudioVersion = 16.0.29009.5
MinimumVisualStudioVersion = 10.0.40219.1
Project("{FAE04EC0-301F-11D3-BF4B-00C04F79EFBC}") = "AdopcionesSingleton", "AdopcionesSingleton\AdopcionesSingleton.csproj", "{A191CE5C-8112-45DD-8DF5-0DAE222C1DD4}"
EndProject
Global
	GlobalSection(SolutionConfigurationPlatforms) = preSolution
		Debug|Any CPU = Debug|Any CPU
		Release|Any CPU = Release|Any CPU
	EndGlobalSection
	GlobalSection(ProjectConfigurationPlatforms) = postSolution
		{A191CE5C-8112-45DD-8DF5-0DAE222C1DD4}.Debug|Any CPU.ActiveCfg = Debug|Any CPU
		{A191CE5C-8112-45DD-8DF5-0DAE222C1DD4}.Debug|Any CPU.Build.0 = Debug|Any CPU
		{A191CE5C-8112-45DD-8DF5-0DAE222C1DD4}.Release|Any CPU.ActiveCfg = Release|Any CPU
		{A191CE5C-8112-45DD-8DF5-0DAE222C1DD4}.Release|Any CPU.Build.0 = Release|Any CPU
	EndGlobalSection
	GlobalSection(SolutionProperties) = preSolution
		HideSolutionNode = FALSE
	EndGlobalSection
	GlobalSection(ExtensibilityGlobals) = postSolution
		SolutionGuid = {888BB510-5289-49DD-BE6F-921B1DC997B5}
	EndGlobalSection
EndGlobal
